
Microsoft Visual Studio Solution File, Format Version 12.00
# Visual Studio Version 16
VisualStudioVersion = 16.0.30523.141
MinimumVisualStudioVersion = 10.0.40219.1
Project("{FAE04EC0-301F-11D3-BF4B-00C04F79EFBC}") = "SerialPortAssistance", "SerialPortAssistance.csproj", "{8B7A6D47-6DFB-404F-94C6-0EC607983196}"
EndProject
Global
	GlobalSection(SolutionConfigurationPlatforms) = preSolution
		Debug|Any CPU = Debug|Any CPU
		Release|Any CPU = Release|Any CPU
	EndGlobalSection
	GlobalSection(ProjectConfigurationPlatforms) = postSolution
		{8B7A6D47-6DFB-404F-94C6-0EC607983196}.Debug|Any CPU.ActiveCfg = Debug|Any CPU
		{8B7A6D47-6DFB-404F-94C6-0EC607983196}.Debug|Any CPU.Build.0 = Debug|Any CPU
		{8B7A6D47-6DFB-404F-94C6-0EC607983196}.Release|Any CPU.ActiveCfg = Release|Any CPU
		{8B7A6D47-6DFB-404F-94C6-0EC607983196}.Release|Any CPU.Build.0 = Release|Any CPU
	EndGlobalSection
	GlobalSection(SolutionProperties) = preSolution
		HideSolutionNode = FALSE
	EndGlobalSection
	GlobalSection(ExtensibilityGlobals) = postSolution
		SolutionGuid = {E68DA960-AC50-46AC-AA73-D33C4D8A9B09}
	EndGlobalSection
EndGlobal
